
Microsoft Visual Studio Solution File, Format Version 12.00
# Visual Studio Version 16
VisualStudioVersion = 16.0.31112.23
MinimumVisualStudioVersion = 10.0.40219.1
Project("{FAE04EC0-301F-11D3-BF4B-00C04F79EFBC}") = "HardwareSoftwareMonitor", "HardwareSoftwareMonitor\HardwareSoftwareMonitor.csproj", "{0CE4D99A-1494-4B35-AAA5-8056C91C3DB3}"
EndProject
Global
	GlobalSection(SolutionConfigurationPlatforms) = preSolution
		Debug|Any CPU = Debug|Any CPU
		Release|Any CPU = Release|Any CPU
	EndGlobalSection
	GlobalSection(ProjectConfigurationPlatforms) = postSolution
		{0CE4D99A-1494-4B35-AAA5-8056C91C3DB3}.Debug|Any CPU.ActiveCfg = Debug|Any CPU
		{0CE4D99A-1494-4B35-AAA5-8056C91C3DB3}.Debug|Any CPU.Build.0 = Debug|Any CPU
		{0CE4D99A-1494-4B35-AAA5-8056C91C3DB3}.Release|Any CPU.ActiveCfg = Release|Any CPU
		{0CE4D99A-1494-4B35-AAA5-8056C91C3DB3}.Release|Any CPU.Build.0 = Release|Any CPU
	EndGlobalSection
	GlobalSection(SolutionProperties) = preSolution
		HideSolutionNode = FALSE
	EndGlobalSection
	GlobalSection(ExtensibilityGlobals) = postSolution
		SolutionGuid = {FED978D3-B88A-4361-B346-0AA6521EC005}
	EndGlobalSection
EndGlobal
